
Microsoft Visual Studio Solution File, Format Version 12.00
# Visual Studio 15
VisualStudioVersion = 15.0.26730.12
MinimumVisualStudioVersion = 10.0.40219.1
Project("{FAE04EC0-301F-11D3-BF4B-00C04F79EFBC}") = "Indexing.LuceneIndexer", "Indexing.LuceneIndexer\Indexing.LuceneIndexer.csproj", "{35F9A9C1-2481-4385-97A0-FB51D37BEC10}"
EndProject
Project("{FAE04EC0-301F-11D3-BF4B-00C04F79EFBC}") = "LuceneSearch.Entry", "LuceneSearch.Entry\LuceneSearch.Entry.csproj", "{FF5F5ABE-CCE2-4D72-B201-66874135CFB0}"
EndProject
Global
	GlobalSection(SolutionConfigurationPlatforms) = preSolution
		Debug|Any CPU = Debug|Any CPU
		Release|Any CPU = Release|Any CPU
	EndGlobalSection
	GlobalSection(ProjectConfigurationPlatforms) = postSolution
		{35F9A9C1-2481-4385-97A0-FB51D37BEC10}.Debug|Any CPU.ActiveCfg = Debug|Any CPU
		{35F9A9C1-2481-4385-97A0-FB51D37BEC10}.Debug|Any CPU.Build.0 = Debug|Any CPU
		{35F9A9C1-2481-4385-97A0-FB51D37BEC10}.Release|Any CPU.ActiveCfg = Release|Any CPU
		{35F9A9C1-2481-4385-97A0-FB51D37BEC10}.Release|Any CPU.Build.0 = Release|Any CPU
		{FF5F5ABE-CCE2-4D72-B201-66874135CFB0}.Debug|Any CPU.ActiveCfg = Debug|Any CPU
		{FF5F5ABE-CCE2-4D72-B201-66874135CFB0}.Debug|Any CPU.Build.0 = Debug|Any CPU
		{FF5F5ABE-CCE2-4D72-B201-66874135CFB0}.Release|Any CPU.ActiveCfg = Release|Any CPU
		{FF5F5ABE-CCE2-4D72-B201-66874135CFB0}.Release|Any CPU.Build.0 = Release|Any CPU
	EndGlobalSection
	GlobalSection(SolutionProperties) = preSolution
		HideSolutionNode = FALSE
	EndGlobalSection
	GlobalSection(ExtensibilityGlobals) = postSolution
		SolutionGuid = {C41F335B-554B-4466-9A27-C1E6497072A3}
	EndGlobalSection
EndGlobal
